{
  "name": "@wexond/rpc-node",
  "version": "1.0.4",
  "lockfileVersion": 2,
  "requires": true,
  "packages": {
    "": {
      "name": "@wexond/rpc-node",
      "version": "1.0.4",
      "license": "MIT",
      "devDependencies": {
        "@wexond/rpc-core": "file:../rpc-core"
      },
      "peerDependencies": {
        "@wexond/rpc-core": "file:../rpc-core"
      }
    },
    "../rpc-core": {
      "name": "@wexond/rpc-core",
      "version": "1.0.4",
      "dev": true,
      "license": "MIT"
    },
    "node_modules/@wexond/rpc-core": {
      "resolved": "../rpc-core",
      "link": true
    }
  },
  "dependencies": {
    "@wexond/rpc-core": {
      "version": "file:../rpc-core"
    }
  }
}
